
Microsoft Visual Studio Solution File, Format Version 12.00
# Visual Studio 15
VisualStudioVersion = 15.0.28307.539
MinimumVisualStudioVersion = 10.0.40219.1
Project("{FAE04EC0-301F-11D3-BF4B-00C04F79EFBC}") = "FangPage.Data", "FangPage.Data\FangPage.Data.csproj", "{4410BDFE-07E0-4440-B585-6CD3C9334C12}"
EndProject
Project("{FAE04EC0-301F-11D3-BF4B-00C04F79EFBC}") = "FangPage.MVC", "FangPage.MVC\FangPage.MVC.csproj", "{3A383C4E-C364-4EA0-B441-4FF9D6F88E53}"
EndProject
Project("{FAE04EC0-301F-11D3-BF4B-00C04F79EFBC}") = "FangPage.WMS", "FangPage.WMS\FangPage.WMS.csproj", "{F5785018-3008-41A5-A441-3AE724A87BB5}"
EndProject
Project("{FAE04EC0-301F-11D3-BF4B-00C04F79EFBC}") = "FangPage.WMS.Admin", "FangPage.WMS.Admin\FangPage.WMS.Admin.csproj", "{5BAE27A4-4DE2-4091-A2A5-98EC4230DB90}"
EndProject
Project("{FAE04EC0-301F-11D3-BF4B-00C04F79EFBC}") = "FangPage.UnitTest", "FangPage.UnitTest\FangPage.UnitTest.csproj", "{59E7809D-A519-4D28-8337-B56A3D172BD8}"
EndProject
Project("{2150E333-8FDC-42A3-9474-1A3956D46DE8}") = "UnitTest", "UnitTest", "{A7830210-2ECA-4D82-9C6F-31CE6DFA161E}"
EndProject
Project("{2150E333-8FDC-42A3-9474-1A3956D46DE8}") = "Web", "Web", "{2AAFAA0A-6425-4B06-BA82-290E0407BF84}"
EndProject
Project("{2150E333-8FDC-42A3-9474-1A3956D46DE8}") = "Business", "Business", "{D2D37669-EF6F-456B-98D6-AEF492759B93}"
EndProject
Project("{2150E333-8FDC-42A3-9474-1A3956D46DE8}") = "Common", "Common", "{345D4174-79D8-42FB-A61A-CA37FEAA7119}"
EndProject
Project("{2150E333-8FDC-42A3-9474-1A3956D46DE8}") = "_docs", "_docs", "{F5FBA700-6860-4E1B-8235-79900F660780}"
	ProjectSection(SolutionItems) = preProject
		README.md = README.md
	EndProjectSection
EndProject
Project("{FAE04EC0-301F-11D3-BF4B-00C04F79EFBC}") = "FangPage.Web", "FangPage.Web\FangPage.Web.csproj", "{13767FBC-82BE-46E7-AA08-B5C7D9188EE9}"
EndProject
Project("{FAE04EC0-301F-11D3-BF4B-00C04F79EFBC}") = "FangPage.Exam", "FangPage.Exam\FangPage.Exam.csproj", "{35E21E70-FB01-448C-8D3E-7FF4C12886CC}"
EndProject
Global
	GlobalSection(SolutionConfigurationPlatforms) = preSolution
		Debug|Any CPU = Debug|Any CPU
		Release|Any CPU = Release|Any CPU
	EndGlobalSection
	GlobalSection(ProjectConfigurationPlatforms) = postSolution
		{4410BDFE-07E0-4440-B585-6CD3C9334C12}.Debug|Any CPU.ActiveCfg = Debug|Any CPU
		{4410BDFE-07E0-4440-B585-6CD3C9334C12}.Debug|Any CPU.Build.0 = Debug|Any CPU
		{4410BDFE-07E0-4440-B585-6CD3C9334C12}.Release|Any CPU.ActiveCfg = Release|Any CPU
		{4410BDFE-07E0-4440-B585-6CD3C9334C12}.Release|Any CPU.Build.0 = Release|Any CPU
		{3A383C4E-C364-4EA0-B441-4FF9D6F88E53}.Debug|Any CPU.ActiveCfg = Debug|Any CPU
		{3A383C4E-C364-4EA0-B441-4FF9D6F88E53}.Debug|Any CPU.Build.0 = Debug|Any CPU
		{3A383C4E-C364-4EA0-B441-4FF9D6F88E53}.Release|Any CPU.ActiveCfg = Release|Any CPU
		{3A383C4E-C364-4EA0-B441-4FF9D6F88E53}.Release|Any CPU.Build.0 = Release|Any CPU
		{F5785018-3008-41A5-A441-3AE724A87BB5}.Debug|Any CPU.ActiveCfg = Debug|Any CPU
		{F5785018-3008-41A5-A441-3AE724A87BB5}.Debug|Any CPU.Build.0 = Debug|Any CPU
		{F5785018-3008-41A5-A441-3AE724A87BB5}.Release|Any CPU.ActiveCfg = Release|Any CPU
		{F5785018-3008-41A5-A441-3AE724A87BB5}.Release|Any CPU.Build.0 = Release|Any CPU
		{5BAE27A4-4DE2-4091-A2A5-98EC4230DB90}.Debug|Any CPU.ActiveCfg = Debug|Any CPU
		{5BAE27A4-4DE2-4091-A2A5-98EC4230DB90}.Debug|Any CPU.Build.0 = Debug|Any CPU
		{5BAE27A4-4DE2-4091-A2A5-98EC4230DB90}.Release|Any CPU.ActiveCfg = Release|Any CPU
		{5BAE27A4-4DE2-4091-A2A5-98EC4230DB90}.Release|Any CPU.Build.0 = Release|Any CPU
		{59E7809D-A519-4D28-8337-B56A3D172BD8}.Debug|Any CPU.ActiveCfg = Debug|Any CPU
		{59E7809D-A519-4D28-8337-B56A3D172BD8}.Debug|Any CPU.Build.0 = Debug|Any CPU
		{59E7809D-A519-4D28-8337-B56A3D172BD8}.Release|Any CPU.ActiveCfg = Release|Any CPU
		{59E7809D-A519-4D28-8337-B56A3D172BD8}.Release|Any CPU.Build.0 = Release|Any CPU
		{13767FBC-82BE-46E7-AA08-B5C7D9188EE9}.Debug|Any CPU.ActiveCfg = Debug|Any CPU
		{13767FBC-82BE-46E7-AA08-B5C7D9188EE9}.Debug|Any CPU.Build.0 = Debug|Any CPU
		{13767FBC-82BE-46E7-AA08-B5C7D9188EE9}.Release|Any CPU.ActiveCfg = Release|Any CPU
		{13767FBC-82BE-46E7-AA08-B5C7D9188EE9}.Release|Any CPU.Build.0 = Release|Any CPU
		{35E21E70-FB01-448C-8D3E-7FF4C12886CC}.Debug|Any CPU.ActiveCfg = Debug|Any CPU
		{35E21E70-FB01-448C-8D3E-7FF4C12886CC}.Debug|Any CPU.Build.0 = Debug|Any CPU
		{35E21E70-FB01-448C-8D3E-7FF4C12886CC}.Release|Any CPU.ActiveCfg = Release|Any CPU
		{35E21E70-FB01-448C-8D3E-7FF4C12886CC}.Release|Any CPU.Build.0 = Release|Any CPU
	EndGlobalSection
	GlobalSection(SolutionProperties) = preSolution
		HideSolutionNode = FALSE
	EndGlobalSection
	GlobalSection(NestedProjects) = preSolution
		{4410BDFE-07E0-4440-B585-6CD3C9334C12} = {345D4174-79D8-42FB-A61A-CA37FEAA7119}
		{3A383C4E-C364-4EA0-B441-4FF9D6F88E53} = {345D4174-79D8-42FB-A61A-CA37FEAA7119}
		{F5785018-3008-41A5-A441-3AE724A87BB5} = {D2D37669-EF6F-456B-98D6-AEF492759B93}
		{5BAE27A4-4DE2-4091-A2A5-98EC4230DB90} = {D2D37669-EF6F-456B-98D6-AEF492759B93}
		{59E7809D-A519-4D28-8337-B56A3D172BD8} = {A7830210-2ECA-4D82-9C6F-31CE6DFA161E}
		{13767FBC-82BE-46E7-AA08-B5C7D9188EE9} = {2AAFAA0A-6425-4B06-BA82-290E0407BF84}
		{35E21E70-FB01-448C-8D3E-7FF4C12886CC} = {D2D37669-EF6F-456B-98D6-AEF492759B93}
	EndGlobalSection
	GlobalSection(ExtensibilityGlobals) = postSolution
		SolutionGuid = {51634B53-D0AE-4012-9962-389474E7BFD7}
	EndGlobalSection
EndGlobal
